
Microsoft Visual Studio Solution File, Format Version 12.00
# Visual Studio 2013
VisualStudioVersion = 12.0.31101.0
MinimumVisualStudioVersion = 10.0.40219.1
Project("{F184B08F-C81C-45F6-A57F-5ABD9991F28F}") = "Assignment1", "Assignment1\Assignment1.vbproj", "{29D53F22-F356-42F6-95BC-48E47DDE5839}"
EndProject
Global
	GlobalSection(SolutionConfigurationPlatforms) = preSolution
		Debug|Any CPU = Debug|Any CPU
		Release|Any CPU = Release|Any CPU
	EndGlobalSection
	GlobalSection(ProjectConfigurationPlatforms) = postSolution
		{29D53F22-F356-42F6-95BC-48E47DDE5839}.Debug|Any CPU.ActiveCfg = Debug|Any CPU
		{29D53F22-F356-42F6-95BC-48E47DDE5839}.Debug|Any CPU.Build.0 = Debug|Any CPU
		{29D53F22-F356-42F6-95BC-48E47DDE5839}.Release|Any CPU.ActiveCfg = Release|Any CPU
		{29D53F22-F356-42F6-95BC-48E47DDE5839}.Release|Any CPU.Build.0 = Release|Any CPU
	EndGlobalSection
	GlobalSection(SolutionProperties) = preSolution
		HideSolutionNode = FALSE
	EndGlobalSection
EndGlobal
